github.com/archeopternix/go-fltk v0.0.0-20250906094057-27cfdf3359c1 h1:eFVLM2I/A5HyWKC4Tv4K7/2W1ED5mHpbPWpQjbGYU4w=
github.com/archeopternix/go-fltk v0.0.0-20250906094057-27cfdf3359c1/go.mod h1:Sa14pJkNwgwm/ulRPFBkr0Tn5LKPAsSULunegm3nIiU=
github.com/archeopternix/go-mediafileinfo v0.2.3 h1:5e8YeHijavq5b7lr0wM7BV1mw4MxqvNqr5ThAhZ1aiA=
github.com/archeopternix/go-mediafileinfo v0.2.3/go.mod h1:oQKE9GeEjWckRyZV2KbnzSXV37948BaaquHzbD3ZQqM=
gopkg.in/check.v1 v0.0.0-20161208181325-20d25e280405 h1:yhCVgyC4o1eVCa2tZl7eS0r+SDo693bJlVdllGtEeKM=
gopkg.in/check.v1 v0.0.0-20161208181325-20d25e280405/go.mod h1:Co6ibVJAznAaIkqp8huTwlJQCZ016jof/cbN4VW5Yz0=
gopkg.in/vansante/go-ffprobe.v2 v2.2.1 h1:sFV08OT1eZ1yroLCZVClIVd9YySgCh9eGjBWO0oRayI=
gopkg.in/vansante/go-ffprobe.v2 v2.2.1/go.mod h1:qF0AlAjk7Nqzqf3y333Ly+KxN3cKF2JqA3JT5ZheUGE=
gopkg.in/yaml.v2 v2.4.0 h1:D8xgwECY7CYvx+Y2n4sBz93Jn9JRvxdiyyo8CTfuKaY=
gopkg.in/yaml.v2 v2.4.0/go.mod h1:RDklbk79AGWmwhnvt/jBztapEOGDOx6ZbXqjP6csGnQ=
