github.com/pwiecz/go-fltk v0.0.0-20250418100050-a16aed0def84 h1:UhtFou9xFWEJXQwZzah2DIXHC50OGY85a3Q8Zt8Hdo8=
github.com/pwiecz/go-fltk v0.0.0-20250418100050-a16aed0def84/go.mod h1:uMK5daOr9p+ba2BPs5QadbfaqqrHR5TGj13yWGsAsmw=
gopkg.in/check.v1 v0.0.0-20161208181325-20d25e280405 h1:yhCVgyC4o1eVCa2tZl7eS0r+SDo693bJlVdllGtEeKM=
gopkg.in/check.v1 v0.0.0-20161208181325-20d25e280405/go.mod h1:Co6ibVJAznAaIkqp8huTwlJQCZ016jof/cbN4VW5Yz0=
gopkg.in/vansante/go-ffprobe.v2 v2.2.1 h1:sFV08OT1eZ1yroLCZVClIVd9YySgCh9eGjBWO0oRayI=
gopkg.in/vansante/go-ffprobe.v2 v2.2.1/go.mod h1:qF0AlAjk7Nqzqf3y333Ly+KxN3cKF2JqA3JT5ZheUGE=
gopkg.in/yaml.v2 v2.4.0 h1:D8xgwECY7CYvx+Y2n4sBz93Jn9JRvxdiyyo8CTfuKaY=
gopkg.in/yaml.v2 v2.4.0/go.mod h1:RDklbk79AGWmwhnvt/jBztapEOGDOx6ZbXqjP6csGnQ=
