github.com/archeopternix/go-fltk v0.0.0-20250906094057-27cfdf3359c1 h1:eFVLM2I/A5HyWKC4Tv4K7/2W1ED5mHpbPWpQjbGYU4w=
github.com/archeopternix/go-fltk v0.0.0-20250906094057-27cfdf3359c1/go.mod h1:Sa14pJkNwgwm/ulRPFBkr0Tn5LKPAsSULunegm3nIiU=
github.com/archeopternix/go-mediafileinfo v0.2.3 h1:5e8YeHijavq5b7lr0wM7BV1mw4MxqvNqr5ThAhZ1aiA=
github.com/archeopternix/go-mediafileinfo v0.2.3/go.mod h1:oQKE9GeEjWckRyZV2KbnzSXV37948BaaquHzbD3ZQqM=
